// !$*UTF8*$!
{
	archiveVersion = 1;
	classes = {
	};
	objectVersion = 77;
	objects = {

/* Begin PBXContainerItemProxy section */
		D0D1B4202EC7846B00D560CC /* PBXContainerItemProxy */ = {
			isa = PBXContainerItemProxy;
			containerPortal = D0D1B3FE2EC7846A00D560CC /* Project object */;
			proxyType = 1;
			remoteGlobalIDString = D0D1B4052EC7846A00D560CC;
			remoteInfo = StockDashboard;
		};
		D0D1B42A2EC7846B00D560CC /* PBXContainerItemProxy */ = {
			isa = PBXContainerItemProxy;
			containerPortal = D0D1B3FE2EC7846A00D560CC /* Project object */;
			proxyType = 1;
			remoteGlobalIDString = D0D1B4052EC7846A00D560CC;
			remoteInfo = StockDashboard;
		};
/* End PBXContainerItemProxy section */

/* Begin PBXFileReference section */
		D0D1B4062EC7846A00D560CC /* StockDashboard.app */ = {isa = PBXFileReference; explicitFileType = wrapper.application; includeInIndex = 0; path = StockDashboard.app; sourceTree = BUILT_PRODUCTS_DIR; };
		D0D1B41F2EC7846B00D560CC /* StockDashboardTests.xctest */ = {isa = PBXFileReference; explicitFileType = wrapper.cfbundle; includeInIndex = 0; path = StockDashboardTests.xctest; sourceTree = BUILT_PRODUCTS_DIR; };
		D0D1B4292EC7846B00D560CC /* StockDashboardUITests.xctest */ = {isa = PBXFileReference; explicitFileType = wrapper.cfbundle; includeInIndex = 0; path = StockDashboardUITests.xctest; sourceTree = BUILT_PRODUCTS_DIR; };
/* End PBXFileReference section */

/* Begin PBXFileSystemSynchronizedBuildFileExceptionSet section */
		D0D1B4312EC7846B00D560CC /* Exceptions for "StockDashboard" folder in "StockDashboard" target */ = {
			isa = PBXFileSystemSynchronizedBuildFileExceptionSet;
			membershipExceptions = (
				Info.plist,
			);
			target = D0D1B4052EC7846A00D560CC /* StockDashboard */;
		};
/* End PBXFileSystemSynchronizedBuildFileExceptionSet section */

/* Begin PBXFileSystemSynchronizedRootGroup section */
		D0D1B4082EC7846A00D560CC /* StockDashboard */ = {
			isa = PBXFileSystemSynchronizedRootGroup;
			exceptions = (
				D0D1B4312EC7846B00D560CC /* Exceptions for "StockDashboard" folder in "StockDashboard" target */,
			);
			path = StockDashboard;
			sourceTree = "<group>";
		};
		D0D1B4222EC7846B00D560CC /* StockDashboardTests */ = {
			isa = PBXFileSystemSynchronizedRootGroup;
			path = StockDashboardTests;
			sourceTree = "<group>";
		};
		D0D1B42C2EC7846B00D560CC /* StockDashboardUITests */ = {
			isa = PBXFileSystemSynchronizedRootGroup;
			path = StockDashboardUITests;
			sourceTree = "<group>";
		};
/* End PBXFileSystemSynchronizedRootGroup section */

/* Begin PBXFrameworksBuildPhase section */
		D0D1B4032EC7846A00D560CC /* Frameworks */ = {
			isa = PBXFrameworksBuildPhase;
			buildActionMask = 2147483647;
			files = (
			);
			runOnlyForDeploymentPostprocessing = 0;
		};
		D0D1B41C2EC7846B00D560CC /* Frameworks */ = {
			isa = PBXFrameworksBuildPhase;
			buildActionMask = 2147483647;
			files = (
			);
			runOnlyForDeploymentPostprocessing = 0;
		};
		D0D1B4262EC7846B00D560CC /* Frameworks */ = {
			isa = PBXFrameworksBuildPhase;
			buildActionMask = 2147483647;
			files = (
			);
			runOnlyForDeploymentPostprocessing = 0;
		};
/* End PBXFrameworksBuildPhase section */

/* Begin PBXGroup section */
		D0D1B3FD2EC7846A00D560CC = {
			isa = PBXGroup;
			children = (
				D0D1B4082EC7846A00D560CC /* StockDashboard */,
				D0D1B4222EC7846B00D560CC /* StockDashboardTests */,
				D0D1B42C2EC7846B00D560CC /* StockDashboardUITests */,
				D0D1B4072EC7846A00D560CC /* Products */,
			);
			sourceTree = "<group>";
		};
		D0D1B4072EC7846A00D560CC /* Products */ = {
			isa = PBXGroup;
			children = (
				D0D1B4062EC7846A00D560CC /* StockDashboard.app */,
				D0D1B41F2EC7846B00D560CC /* StockDashboardTests.xctest */,
				D0D1B4292EC7846B00D560CC /* StockDashboardUITests.xctest */,
			);
			name = Products;
			sourceTree = "<group>";
		};
/* End PBXGroup section */

/* Begin PBXNativeTarget section */
		D0D1B4052EC7846A00D560CC /* StockDashboard */ = {
			isa = PBXNativeTarget;
			buildConfigurationList = D0D1B4322EC7846B00D560CC /* Build configuration list for PBXNativeTarget "StockDashboard" */;
			buildPhases = (
				D0D1B4022EC7846A00D560CC /* Sources */,
				D0D1B4032EC7846A00D560CC /* Frameworks */,
				D0D1B4042EC7846A00D560CC /* Resources */,
			);
			buildRules = (
			);
			dependencies = (
			);
			fileSystemSynchronizedGroups = (
				D0D1B4082EC7846A00D560CC /* StockDashboard */,
			);
			name = StockDashboard;
			packageProductDependencies = (
			);
			productName = StockDashboard;
			productReference = D0D1B4062EC7846A00D560CC /* StockDashboard.app */;
			productType = "com.apple.product-type.application";
		};
		D0D1B41E2EC7846B00D560CC /* StockDashboardTests */ = {
			isa = PBXNativeTarget;
			buildConfigurationList = D0D1B4372EC7846B00D560CC /* Build configuration list for PBXNativeTarget "StockDashboardTests" */;
			buildPhases = (
				D0D1B41B2EC7846B00D560CC /* Sources */,
				D0D1B41C2EC7846B00D560CC /* Frameworks */,
				D0D1B41D2EC7846B00D560CC /* Resources */,
			);
			buildRules = (
			);
			dependencies = (
				D0D1B4212EC7846B00D560CC /* PBXTargetDependency */,
			);
			fileSystemSynchronizedGroups = (
				D0D1B4222EC7846B00D560CC /* StockDashboardTests */,
			);
			name = StockDashboardTests;
			packageProductDependencies = (
			);
			productName = StockDashboardTests;
			productReference = D0D1B41F2EC7846B00D560CC /* StockDashboardTests.xctest */;
			productType = "com.apple.product-type.bundle.unit-test";
		};
		D0D1B4282EC7846B00D560CC /* StockDashboardUITests */ = {
			isa = PBXNativeTarget;
			buildConfigurationList = D0D1B43A2EC7846B00D560CC /* Build configuration list for PBXNativeTarget "StockDashboardUITests" */;
			buildPhases = (
				D0D1B4252EC7846B00D560CC /* Sources */,
				D0D1B4262EC7846B00D560CC /* Frameworks */,
				D0D1B4272EC7846B00D560CC /* Resources */,
			);
			buildRules = (
			);
			dependencies = (
				D0D1B42B2EC7846B00D560CC /* PBXTargetDependency */,
			);
			fileSystemSynchronizedGroups = (
				D0D1B42C2EC7846B00D560CC /* StockDashboardUITests */,
			);
			name = StockDashboardUITests;
			packageProductDependencies = (
			);
			productName = StockDashboardUITests;
			productReference = D0D1B4292EC7846B00D560CC /* StockDashboardUITests.xctest */;
			productType = "com.apple.product-type.bundle.ui-testing";
		};
/* End PBXNativeTarget section */

/* Begin PBXProject section */
		D0D1B3FE2EC7846A00D560CC /* Project object */ = {
			isa = PBXProject;
			attributes = {
				BuildIndependentTargetsInParallel = 1;
				LastSwiftUpdateCheck = 1630;
				LastUpgradeCheck = 1630;
				TargetAttributes = {
					D0D1B4052EC7846A00D560CC = {
						CreatedOnToolsVersion = 16.3;
					};
					D0D1B41E2EC7846B00D560CC = {
						CreatedOnToolsVersion = 16.3;
						TestTargetID = D0D1B4052EC7846A00D560CC;
					};
					D0D1B4282EC7846B00D560CC = {
						CreatedOnToolsVersion = 16.3;
						TestTargetID = D0D1B4052EC7846A00D560CC;
					};
				};
			};
			buildConfigurationList = D0D1B4012EC7846A00D560CC /* Build configuration list for PBXProject "StockDashboard" */;
			developmentRegion = en;
			hasScannedForEncodings = 0;
			knownRegions = (
				en,
				Base,
			);
			mainGroup = D0D1B3FD2EC7846A00D560CC;
			minimizedProjectReferenceProxies = 1;
			preferredProjectObjectVersion = 77;
			productRefGroup = D0D1B4072EC7846A00D560CC /* Products */;
			projectDirPath = "";
			projectRoot = "";
			targets = (
				D0D1B4052EC7846A00D560CC /* StockDashboard */,
				D0D1B41E2EC7846B00D560CC /* StockDashboardTests */,
				D0D1B4282EC7846B00D560CC /* StockDashboardUITests */,
			);
		};
/* End PBXProject section */

/* Begin PBXResourcesBuildPhase section */
		D0D1B4042EC7846A00D560CC /* Resources */ = {
			isa = PBXResourcesBuildPhase;
			buildActionMask = 2147483647;
			files = (
			);
			runOnlyForDeploymentPostprocessing = 0;
		};
		D0D1B41D2EC7846B00D560CC /* Resources */ = {
			isa = PBXResourcesBuildPhase;
			buildActionMask = 2147483647;
			files = (
			);
			runOnlyForDeploymentPostprocessing = 0;
		};
		D0D1B4272EC7846B00D560CC /* Resources */ = {
			isa = PBXResourcesBuildPhase;
			buildActionMask = 2147483647;
			files = (
			);
			runOnlyForDeploymentPostprocessing = 0;
		};
/* End PBXResourcesBuildPhase section */

/* Begin PBXSourcesBuildPhase section */
		D0D1B4022EC7846A00D560CC /* Sources */ = {
			isa = PBXSourcesBuildPhase;
			buildActionMask = 2147483647;
			files = (
			);
			runOnlyForDeploymentPostprocessing = 0;
		};
		D0D1B41B2EC7846B00D560CC /* Sources */ = {
			isa = PBXSourcesBuildPhase;
			buildActionMask = 2147483647;
			files = (
			);
			runOnlyForDeploymentPostprocessing = 0;
		};
		D0D1B4252EC7846B00D560CC /* Sources */ = {
			isa = PBXSourcesBuildPhase;
			buildActionMask = 2147483647;
			files = (
			);
			runOnlyForDeploymentPostprocessing = 0;
		};
/* End PBXSourcesBuildPhase section */

/* Begin PBXTargetDependency section */
		D0D1B4212EC7846B00D560CC /* PBXTargetDependency */ = {
			isa = PBXTargetDependency;
			target = D0D1B4052EC7846A00D560CC /* StockDashboard */;
			targetProxy = D0D1B4202EC7846B00D560CC /* PBXContainerItemProxy */;
		};
		D0D1B42B2EC7846B00D560CC /* PBXTargetDependency */ = {
			isa = PBXTargetDependency;
			target = D0D1B4052EC7846A00D560CC /* StockDashboard */;
			targetProxy = D0D1B42A2EC7846B00D560CC /* PBXContainerItemProxy */;
		};
/* End PBXTargetDependency section */

/* Begin XCBuildConfiguration section */
		D0D1B4332EC7846B00D560CC /* Debug */ = {
			isa = XCBuildConfiguration;
			buildSettings = {
				ASSETCATALOG_COMPILER_APPICON_NAME = AppIcon;
				ASSETCATALOG_COMPILER_GLOBAL_ACCENT_COLOR_NAME = AccentColor;
				CODE_SIGN_STYLE = Automatic;
				CURRENT_PROJECT_VERSION = 1;
				DEVELOPMENT_TEAM = 8DP4U28ZJ3;
				GENERATE_INFOPLIST_FILE = YES;
				INFOPLIST_FILE = StockDashboard/Info.plist;
				INFOPLIST_KEY_UIApplicationSupportsIndirectInputEvents = YES;
				INFOPLIST_KEY_UILaunchStoryboardName = LaunchScreen;
				INFOPLIST_KEY_UIMainStoryboardFile = Main;
				INFOPLIST_KEY_UISupportedInterfaceOrientations_iPad = "UIInterfaceOrientationPortrait UIInterfaceOrientationPortraitUpsideDown UIInterfaceOrientationLandscapeLeft UIInterfaceOrientationLandscapeRight";
				INFOPLIST_KEY_UISupportedInterfaceOrientations_iPhone = "UIInterfaceOrientationPortrait UIInterfaceOrientationLandscapeLeft UIInterfaceOrientationLandscapeRight";
				IPHONEOS_DEPLOYMENT_TARGET = 16.6;
				LD_RUNPATH_SEARCH_PATHS = (
					"$(inherited)",
					"@executable_path/Frameworks",
				);
				MARKETING_VERSION = 1.0;
				PRODUCT_BUNDLE_IDENTIFIER = hosseinshirinabadi.Rogo.StockDashboard;
				PRODUCT_NAME = "$(TARGET_NAME)";
				SWIFT_EMIT_LOC_STRINGS = YES;
				SWIFT_VERSION = 5.0;
				TARGETED_DEVICE_FAMILY = "1,2";
			};
			name = Debug;
		};
		D0D1B4342EC7846B00D560CC /* Release */ = {
			isa = XCBuildConfiguration;
			buildSettings = {
				ASSETCATALOG_COMPILER_APPICON_NAME = AppIcon;
				ASSETCATALOG_COMPILER_GLOBAL_ACCENT_COLOR_NAME = AccentColor;
				CODE_SIGN_STYLE = Automatic;
				CURRENT_PROJECT_VERSION = 1;
				DEVELOPMENT_TEAM = 8DP4U28ZJ3;
				GENERATE_INFOPLIST_FILE = YES;
				INFOPLIST_FILE = StockDashboard/Info.plist;
				INFOPLIST_KEY_UIApplicationSupportsIndirectInputEvents = YES;
				INFOPLIST_KEY_UILaunchStoryboardName = LaunchScreen;
				INFOPLIST_KEY_UIMainStoryboardFile = Main;
				INFOPLIST_KEY_UISupportedInterfaceOrientations_iPad = "UIInterfaceOrientationPortrait UIInterfaceOrientationPortraitUpsideDown UIInterfaceOrientationLandscapeLeft UIInterfaceOrientationLandscapeRight";
				INFOPLIST_KEY_UISupportedInterfaceOrientations_iPhone = "UIInterfaceOrientationPortrait UIInterfaceOrientationLandscapeLeft UIInterfaceOrientationLandscapeRight";
				IPHONEOS_DEPLOYMENT_TARGET = 16.6;
				LD_RUNPATH_SEARCH_PATHS = (
					"$(inherited)",
					"@executable_path/Frameworks",
				);
				MARKETING_VERSION = 1.0;
				PRODUCT_BUNDLE_IDENTIFIER = hosseinshirinabadi.Rogo.StockDashboard;
				PRODUCT_NAME = "$(TARGET_NAME)";
				SWIFT_EMIT_LOC_STRINGS = YES;
				SWIFT_VERSION = 5.0;
				TARGETED_DEVICE_FAMILY = "1,2";
			};
			name = Release;
		};
		D0D1B4352EC7846B00D560CC /* Debug */ = {
			isa = XCBuildConfiguration;
			buildSettings = {
				ALWAYS_SEARCH_USER_PATHS = NO;
				ASSETCATALOG_COMPILER_GENERATE_SWIFT_ASSET_SYMBOL_EXTENSIONS = YES;
				CLANG_ANALYZER_NONNULL = YES;
				CLANG_ANALYZER_NUMBER_OBJECT_CONVERSION = YES_AGGRESSIVE;
				CLANG_CXX_LANGUAGE_STANDARD = "gnu++20";
				CLANG_ENABLE_MODULES = YES;
				CLANG_ENABLE_OBJC_ARC = YES;
				CLANG_ENABLE_OBJC_WEAK = YES;
				CLANG_WARN_BLOCK_CAPTURE_AUTORELEASING = YES;
				CLANG_WARN_BOOL_CONVERSION = YES;
				CLANG_WARN_COMMA = YES;
				CLANG_WARN_CONSTANT_CONVERSION = YES;
				CLANG_WARN_DEPRECATED_OBJC_IMPLEMENTATIONS = YES;
				CLANG_WARN_DIRECT_OBJC_ISA_USAGE = YES_ERROR;
				CLANG_WARN_DOCUMENTATION_COMMENTS = YES;
				CLANG_WARN_EMPTY_BODY = YES;
				CLANG_WARN_ENUM_CONVERSION = YES;
				CLANG_WARN_INFINITE_RECURSION = YES;
				CLANG_WARN_INT_CONVERSION = YES;
				CLANG_WARN_NON_LITERAL_NULL_CONVERSION = YES;
				CLANG_WARN_OBJC_IMPLICIT_RETAIN_SELF = YES;
				CLANG_WARN_OBJC_LITERAL_CONVERSION = YES;
				CLANG_WARN_OBJC_ROOT_CLASS = YES_ERROR;
				CLANG_WARN_QUOTED_INCLUDE_IN_FRAMEWORK_HEADER = YES;
				CLANG_WARN_RANGE_LOOP_ANALYSIS = YES;
				CLANG_WARN_STRICT_PROTOTYPES = YES;
				CLANG_WARN_SUSPICIOUS_MOVE = YES;
				CLANG_WARN_UNGUARDED_AVAILABILITY = YES_AGGRESSIVE;
				CLANG_WARN_UNREACHABLE_CODE = YES;
				CLANG_WARN__DUPLICATE_METHOD_MATCH = YES;
				COPY_PHASE_STRIP = NO;
				DEBUG_INFORMATION_FORMAT = dwarf;
				DEVELOPMENT_TEAM = MP8WZ7573S;
				ENABLE_STRICT_OBJC_MSGSEND = YES;
				ENABLE_TESTABILITY = YES;
				ENABLE_USER_SCRIPT_SANDBOXING = YES;
				GCC_C_LANGUAGE_STANDARD = gnu17;
				GCC_DYNAMIC_NO_PIC = NO;
				GCC_NO_COMMON_BLOCKS = YES;
				GCC_OPTIMIZATION_LEVEL = 0;
				GCC_PREPROCESSOR_DEFINITIONS = (
					"DEBUG=1",
					"$(inherited)",
				);
				GCC_WARN_64_TO_32_BIT_CONVERSION = YES;
				GCC_WARN_ABOUT_RETURN_TYPE = YES_ERROR;
				GCC_WARN_UNDECLARED_SELECTOR = YES;
				GCC_WARN_UNINITIALIZED_AUTOS = YES_AGGRESSIVE;
				GCC_WARN_UNUSED_FUNCTION = YES;
				GCC_WARN_UNUSED_VARIABLE = YES;
				IPHONEOS_DEPLOYMENT_TARGET = 18.4;
				LOCALIZATION_PREFERS_STRING_CATALOGS = YES;
				MTL_ENABLE_DEBUG_INFO = INCLUDE_SOURCE;
				MTL_FAST_MATH = YES;
				ONLY_ACTIVE_ARCH = YES;
				SDKROOT = iphoneos;
				SWIFT_ACTIVE_COMPILATION_CONDITIONS = "DEBUG $(inherited)";
				SWIFT_OPTIMIZATION_LEVEL = "-Onone";
			};
			name = Debug;
		};
		D0D1B4362EC7846B00D560CC /* Release */ = {
			isa = XCBuildConfiguration;
			buildSettings = {
				ALWAYS_SEARCH_USER_PATHS = NO;
				ASSETCATALOG_COMPILER_GENERATE_SWIFT_ASSET_SYMBOL_EXTENSIONS = YES;
				CLANG_ANALYZER_NONNULL = YES;
				CLANG_ANALYZER_NUMBER_OBJECT_CONVERSION = YES_AGGRESSIVE;
				CLANG_CXX_LANGUAGE_STANDARD = "gnu++20";
				CLANG_ENABLE_MODULES = YES;
				CLANG_ENABLE_OBJC_ARC = YES;
				CLANG_ENABLE_OBJC_WEAK = YES;
				CLANG_WARN_BLOCK_CAPTURE_AUTORELEASING = YES;
				CLANG_WARN_BOOL_CONVERSION = YES;
				CLANG_WARN_COMMA = YES;
				CLANG_WARN_CONSTANT_CONVERSION = YES;
				CLANG_WARN_DEPRECATED_OBJC_IMPLEMENTATIONS = YES;
				CLANG_WARN_DIRECT_OBJC_ISA_USAGE = YES_ERROR;
				CLANG_WARN_DOCUMENTATION_COMMENTS = YES;
				CLANG_WARN_EMPTY_BODY = YES;
				CLANG_WARN_ENUM_CONVERSION = YES;
				CLANG_WARN_INFINITE_RECURSION = YES;
				CLANG_WARN_INT_CONVERSION = YES;
				CLANG_WARN_NON_LITERAL_NULL_CONVERSION = YES;
				CLANG_WARN_OBJC_IMPLICIT_RETAIN_SELF = YES;
				CLANG_WARN_OBJC_LITERAL_CONVERSION = YES;
				CLANG_WARN_OBJC_ROOT_CLASS = YES_ERROR;
				CLANG_WARN_QUOTED_INCLUDE_IN_FRAMEWORK_HEADER = YES;
				CLANG_WARN_RANGE_LOOP_ANALYSIS = YES;
				CLANG_WARN_STRICT_PROTOTYPES = YES;
				CLANG_WARN_SUSPICIOUS_MOVE = YES;
				CLANG_WARN_UNGUARDED_AVAILABILITY = YES_AGGRESSIVE;
				CLANG_WARN_UNREACHABLE_CODE = YES;
				CLANG_WARN__DUPLICATE_METHOD_MATCH = YES;
				COPY_PHASE_STRIP = NO;
				DEBUG_INFORMATION_FORMAT = "dwarf-with-dsym";
				DEVELOPMENT_TEAM = MP8WZ7573S;
				ENABLE_NS_ASSERTIONS = NO;
				ENABLE_STRICT_OBJC_MSGSEND = YES;
				ENABLE_USER_SCRIPT_SANDBOXING = YES;
				GCC_C_LANGUAGE_STANDARD = gnu17;
				GCC_NO_COMMON_BLOCKS = YES;
				GCC_WARN_64_TO_32_BIT_CONVERSION = YES;
				GCC_WARN_ABOUT_RETURN_TYPE = YES_ERROR;
				GCC_WARN_UNDECLARED_SELECTOR = YES;
				GCC_WARN_UNINITIALIZED_AUTOS = YES_AGGRESSIVE;
				GCC_WARN_UNUSED_FUNCTION = YES;
				GCC_WARN_UNUSED_VARIABLE = YES;
				IPHONEOS_DEPLOYMENT_TARGET = 18.4;
				LOCALIZATION_PREFERS_STRING_CATALOGS = YES;
				MTL_ENABLE_DEBUG_INFO = NO;
				MTL_FAST_MATH = YES;
				SDKROOT = iphoneos;
				SWIFT_COMPILATION_MODE = wholemodule;
				VALIDATE_PRODUCT = YES;
			};
			name = Release;
		};
		D0D1B4382EC7846B00D560CC /* Debug */ = {
			isa = XCBuildConfiguration;
			buildSettings = {
				BUNDLE_LOADER = "$(TEST_HOST)";
				CODE_SIGN_STYLE = Automatic;
				CURRENT_PROJECT_VERSION = 1;
				DEVELOPMENT_TEAM = MP8WZ7573S;
				GENERATE_INFOPLIST_FILE = YES;
				IPHONEOS_DEPLOYMENT_TARGET = 18.4;
				MARKETING_VERSION = 1.0;
				PRODUCT_BUNDLE_IDENTIFIER = hosseinshirinabadi.StockDashboardTests;
				PRODUCT_NAME = "$(TARGET_NAME)";
				SWIFT_EMIT_LOC_STRINGS = NO;
				SWIFT_VERSION = 5.0;
				TARGETED_DEVICE_FAMILY = "1,2";
				TEST_HOST = "$(BUILT_PRODUCTS_DIR)/StockDashboard.app/$(BUNDLE_EXECUTABLE_FOLDER_PATH)/StockDashboard";
			};
			name = Debug;
		};
		D0D1B4392EC7846B00D560CC /* Release */ = {
			isa = XCBuildConfiguration;
			buildSettings = {
				BUNDLE_LOADER = "$(TEST_HOST)";
				CODE_SIGN_STYLE = Automatic;
				CURRENT_PROJECT_VERSION = 1;
				DEVELOPMENT_TEAM = MP8WZ7573S;
				GENERATE_INFOPLIST_FILE = YES;
				IPHONEOS_DEPLOYMENT_TARGET = 18.4;
				MARKETING_VERSION = 1.0;
				PRODUCT_BUNDLE_IDENTIFIER = hosseinshirinabadi.StockDashboardTests;
				PRODUCT_NAME = "$(TARGET_NAME)";
				SWIFT_EMIT_LOC_STRINGS = NO;
				SWIFT_VERSION = 5.0;
				TARGETED_DEVICE_FAMILY = "1,2";
				TEST_HOST = "$(BUILT_PRODUCTS_DIR)/StockDashboard.app/$(BUNDLE_EXECUTABLE_FOLDER_PATH)/StockDashboard";
			};
			name = Release;
		};
		D0D1B43B2EC7846B00D560CC /* Debug */ = {
			isa = XCBuildConfiguration;
			buildSettings = {
				CODE_SIGN_STYLE = Automatic;
				CURRENT_PROJECT_VERSION = 1;
				DEVELOPMENT_TEAM = MP8WZ7573S;
				GENERATE_INFOPLIST_FILE = YES;
				MARKETING_VERSION = 1.0;
				PRODUCT_BUNDLE_IDENTIFIER = hosseinshirinabadi.StockDashboardUITests;
				PRODUCT_NAME = "$(TARGET_NAME)";
				SWIFT_EMIT_LOC_STRINGS = NO;
				SWIFT_VERSION = 5.0;
				TARGETED_DEVICE_FAMILY = "1,2";
				TEST_TARGET_NAME = StockDashboard;
			};
			name = Debug;
		};
		D0D1B43C2EC7846B00D560CC /* Release */ = {
			isa = XCBuildConfiguration;
			buildSettings = {
				CODE_SIGN_STYLE = Automatic;
				CURRENT_PROJECT_VERSION = 1;
				DEVELOPMENT_TEAM = MP8WZ7573S;
				GENERATE_INFOPLIST_FILE = YES;
				MARKETING_VERSION = 1.0;
				PRODUCT_BUNDLE_IDENTIFIER = hosseinshirinabadi.StockDashboardUITests;
				PRODUCT_NAME = "$(TARGET_NAME)";
				SWIFT_EMIT_LOC_STRINGS = NO;
				SWIFT_VERSION = 5.0;
				TARGETED_DEVICE_FAMILY = "1,2";
				TEST_TARGET_NAME = StockDashboard;
			};
			name = Release;
		};
/* End XCBuildConfiguration section */

/* Begin XCConfigurationList section */
		D0D1B4012EC7846A00D560CC /* Build configuration list for PBXProject "StockDashboard" */ = {
			isa = XCConfigurationList;
			buildConfigurations = (
				D0D1B4352EC7846B00D560CC /* Debug */,
				D0D1B4362EC7846B00D560CC /* Release */,
			);
			defaultConfigurationIsVisible = 0;
			defaultConfigurationName = Release;
		};
		D0D1B4322EC7846B00D560CC /* Build configuration list for PBXNativeTarget "StockDashboard" */ = {
			isa = XCConfigurationList;
			buildConfigurations = (
				D0D1B4332EC7846B00D560CC /* Debug */,
				D0D1B4342EC7846B00D560CC /* Release */,
			);
			defaultConfigurationIsVisible = 0;
			defaultConfigurationName = Release;
		};
		D0D1B4372EC7846B00D560CC /* Build configuration list for PBXNativeTarget "StockDashboardTests" */ = {
			isa = XCConfigurationList;
			buildConfigurations = (
				D0D1B4382EC7846B00D560CC /* Debug */,
				D0D1B4392EC7846B00D560CC /* Release */,
			);
			defaultConfigurationIsVisible = 0;
			defaultConfigurationName = Release;
		};
		D0D1B43A2EC7846B00D560CC /* Build configuration list for PBXNativeTarget "StockDashboardUITests" */ = {
			isa = XCConfigurationList;
			buildConfigurations = (
				D0D1B43B2EC7846B00D560CC /* Debug */,
				D0D1B43C2EC7846B00D560CC /* Release */,
			);
			defaultConfigurationIsVisible = 0;
			defaultConfigurationName = Release;
		};
/* End XCConfigurationList section */
	};
	rootObject = D0D1B3FE2EC7846A00D560CC /* Project object */;
}
